{
  "nodes": {
    "nix-pkgset": {
      "inputs": {
        "nixpkgs": [
          "nixpkgs"
        ]
      },
      "locked": {
        "lastModified": 1742367519,
        "narHash": "sha256-0EzhVYhXDFNyM2NSFaKXj424EjKUbHo9nAj7QskRnHE=",
        "owner": "szlend",
        "repo": "nix-pkgset",
        "rev": "60e06913b0d15b4c35534a070de109cd413038c8",
        "type": "github"
      },
      "original": {
        "owner": "szlend",
        "repo": "nix-pkgset",
        "type": "github"
      }
    },
    "nixpkgs": {
      "locked": {
        "lastModified": 1781577229,
        "narHash": "sha256-lrp67w8AulE9Ks53n27I45ADSzbOCn4H+CNW1Ck8B+8=",
        "owner": "nixos",
        "repo": "nixpkgs",
        "rev": "567a49d1913ce81ac6e9582e3553dd90a955875f",
        "type": "github"
      },
      "original": {
        "owner": "nixos",
        "ref": "nixos-unstable",
        "repo": "nixpkgs",
        "type": "github"
      }
    },
    "root": {
      "inputs": {
        "nix-pkgset": "nix-pkgset",
        "nixpkgs": "nixpkgs",
        "systems": "systems"
      }
    },
    "systems": {
      "flake": false,
      "locked": {
        "path": "nix/systems.nix",
        "type": "path"
      },
      "original": {
        "path": "nix/systems.nix",
        "type": "path"
      },
      "parent": []
    }
  },
  "root": "root",
  "version": 7
}
